// !$*UTF8*$!
{
	archiveVersion = 1;
	classes = {
	};
	objectVersion = 46;
	objects = {

/* Begin PBXBuildFile section */
		1744B20F224007E6CD5B618A /* Pods_QiqiuyunPlayerSDK_Example.framework in Frameworks */ = {isa = PBXBuildFile; fileRef = E4A10294AC69A5899CF80B19 /* Pods_QiqiuyunPlayerSDK_Example.framework */; };
		6003F58E195388D20070C39A /* Foundation.framework in Frameworks */ = {isa = PBXBuildFile; fileRef = 6003F58D195388D20070C39A /* Foundation.framework */; };
		6003F590195388D20070C39A /* CoreGraphics.framework in Frameworks */ = {isa = PBXBuildFile; fileRef = 6003F58F195388D20070C39A /* CoreGraphics.framework */; };
		6003F592195388D20070C39A /* UIKit.framework in Frameworks */ = {isa = PBXBuildFile; fileRef = 6003F591195388D20070C39A /* UIKit.framework */; };
		6003F598195388D20070C39A /* InfoPlist.strings in Resources */ = {isa = PBXBuildFile; fileRef = 6003F596195388D20070C39A /* InfoPlist.strings */; };
		6003F59A195388D20070C39A /* main.m in Sources */ = {isa = PBXBuildFile; fileRef = 6003F599195388D20070C39A /* main.m */; };
		6003F5A9195388D20070C39A /* Images.xcassets in Resources */ = {isa = PBXBuildFile; fileRef = 6003F5A8195388D20070C39A /* Images.xcassets */; };
		6003F5B0195388D20070C39A /* XCTest.framework in Frameworks */ = {isa = PBXBuildFile; fileRef = 6003F5AF195388D20070C39A /* XCTest.framework */; };
		6003F5B1195388D20070C39A /* Foundation.framework in Frameworks */ = {isa = PBXBuildFile; fileRef = 6003F58D195388D20070C39A /* Foundation.framework */; };
		6003F5B2195388D20070C39A /* UIKit.framework in Frameworks */ = {isa = PBXBuildFile; fileRef = 6003F591195388D20070C39A /* UIKit.framework */; };
		6003F5BA195388D20070C39A /* InfoPlist.strings in Resources */ = {isa = PBXBuildFile; fileRef = 6003F5B8195388D20070C39A /* InfoPlist.strings */; };
		6003F5BC195388D20070C39A /* Tests.m in Sources */ = {isa = PBXBuildFile; fileRef = 6003F5BB195388D20070C39A /* Tests.m */; };
		71719F9F1E33DC2100824A3D /* LaunchScreen.storyboard in Resources */ = {isa = PBXBuildFile; fileRef = 71719F9D1E33DC2100824A3D /* LaunchScreen.storyboard */; };
		873B8AEB1B1F5CCA007FD442 /* Main.storyboard in Resources */ = {isa = PBXBuildFile; fileRef = 873B8AEA1B1F5CCA007FD442 /* Main.storyboard */; };
		C96DD429A2756E01C4F48D37 /* Pods_QiqiuyunPlayerSDK_Tests.framework in Frameworks */ = {isa = PBXBuildFile; fileRef = 15079BC3F1F349480FFEB3A2 /* Pods_QiqiuyunPlayerSDK_Tests.framework */; };
		EA1007EC23BF187000756D53 /* CloudResource.plist in Resources */ = {isa = PBXBuildFile; fileRef = EA1007EB23BF187000756D53 /* CloudResource.plist */; };
		EA1007EE23BF189700756D53 /* DownloadResource.plist in Resources */ = {isa = PBXBuildFile; fileRef = EA1007ED23BF189700756D53 /* DownloadResource.plist */; };
		EA78D1FB23BEEFC50054C956 /* ESViewController.m in Sources */ = {isa = PBXBuildFile; fileRef = EA78D19C23BEEFC30054C956 /* ESViewController.m */; };
		EA78D1FC23BEEFC50054C956 /* ESBasePlayViewController.m in Sources */ = {isa = PBXBuildFile; fileRef = EA78D1A123BEEFC40054C956 /* ESBasePlayViewController.m */; };
		EA78D1FD23BEEFC50054C956 /* ESBaseViewController.m in Sources */ = {isa = PBXBuildFile; fileRef = EA78D1A223BEEFC40054C956 /* ESBaseViewController.m */; };
		EA78D1FE23BEEFC50054C956 /* ESBaseTableViewController.m in Sources */ = {isa = PBXBuildFile; fileRef = EA78D1A323BEEFC40054C956 /* ESBaseTableViewController.m */; };
		EA78D1FF23BEEFC50054C956 /* ESAppDelegate.m in Sources */ = {isa = PBXBuildFile; fileRef = EA78D1A423BEEFC40054C956 /* ESAppDelegate.m */; };
		EA78D20023BEEFC50054C956 /* NSString+extno.m in Sources */ = {isa = PBXBuildFile; fileRef = EA78D1A723BEEFC40054C956 /* NSString+extno.m */; };
		EA78D20123BEEFC50054C956 /* ESUploadSimulator.m in Sources */ = {isa = PBXBuildFile; fileRef = EA78D1A923BEEFC40054C956 /* ESUploadSimulator.m */; };
		EA78D20223BEEFC50054C956 /* UINavigationBar+Edusoho.m in Sources */ = {isa = PBXBuildFile; fileRef = EA78D1AA23BEEFC40054C956 /* UINavigationBar+Edusoho.m */; };
		EA78D20323BEEFC50054C956 /* ESTempFile.m in Sources */ = {isa = PBXBuildFile; fileRef = EA78D1AD23BEEFC40054C956 /* ESTempFile.m */; };
		EA78D20423BEEFC50054C956 /* ESJWTTokenTool.m in Sources */ = {isa = PBXBuildFile; fileRef = EA78D1AF23BEEFC40054C956 /* ESJWTTokenTool.m */; };
		EA78D20523BEEFC50054C956 /* PKCircleView+Edusoho.m in Sources */ = {isa = PBXBuildFile; fileRef = EA78D1B023BEEFC40054C956 /* PKCircleView+Edusoho.m */; };
		EA78D20623BEEFC50054C956 /* ESDocumetntViewController.m in Sources */ = {isa = PBXBuildFile; fileRef = EA78D1B423BEEFC40054C956 /* ESDocumetntViewController.m */; };
		EA78D20723BEEFC50054C956 /* ESDownloadBaseViewController.m in Sources */ = {isa = PBXBuildFile; fileRef = EA78D1B623BEEFC40054C956 /* ESDownloadBaseViewController.m */; };
		EA78D20823BEEFC50054C956 /* ESPlayM3U8FileViewController.m in Sources */ = {isa = PBXBuildFile; fileRef = EA78D1BA23BEEFC40054C956 /* ESPlayM3U8FileViewController.m */; };
		EA78D20923BEEFC50054C956 /* ESDownloadResourceModel.m in Sources */ = {isa = PBXBuildFile; fileRef = EA78D1BC23BEEFC40054C956 /* ESDownloadResourceModel.m */; };
		EA78D20B23BEEFC50054C956 /* ESDownloadedViewController.m in Sources */ = {isa = PBXBuildFile; fileRef = EA78D1BE23BEEFC40054C956 /* ESDownloadedViewController.m */; };
		EA78D20C23BEEFC50054C956 /* ESDownloadingViewController.m in Sources */ = {isa = PBXBuildFile; fileRef = EA78D1BF23BEEFC40054C956 /* ESDownloadingViewController.m */; };
		EA78D20E23BEEFC50054C956 /* ESDownloadTableViewCell.xib in Resources */ = {isa = PBXBuildFile; fileRef = EA78D1C123BEEFC40054C956 /* ESDownloadTableViewCell.xib */; };
		EA78D20F23BEEFC50054C956 /* ESDownloadContainerViewController.m in Sources */ = {isa = PBXBuildFile; fileRef = EA78D1C223BEEFC40054C956 /* ESDownloadContainerViewController.m */; };
		EA78D21023BEEFC50054C956 /* ESDownloadTableViewCell.m in Sources */ = {isa = PBXBuildFile; fileRef = EA78D1C523BEEFC40054C956 /* ESDownloadTableViewCell.m */; };
		EA78D21123BEEFC50054C956 /* ESDownloadViewController.m in Sources */ = {isa = PBXBuildFile; fileRef = EA78D1C723BEEFC40054C956 /* ESDownloadViewController.m */; };
		EA78D21223BEEFC50054C956 /* ESPlayM3U8FileViewController.xib in Resources */ = {isa = PBXBuildFile; fileRef = EA78D1CA23BEEFC40054C956 /* ESPlayM3U8FileViewController.xib */; };
		EA78D21323BEEFC50054C956 /* ESAdminResourceViewController.m in Sources */ = {isa = PBXBuildFile; fileRef = EA78D1CC23BEEFC40054C956 /* ESAdminResourceViewController.m */; };
		EA78D21423BEEFC50054C956 /* ESVideoPlayerSlider.m in Sources */ = {isa = PBXBuildFile; fileRef = EA78D1D223BEEFC40054C956 /* ESVideoPlayerSlider.m */; };
		EA78D21523BEEFC50054C956 /* ESVideoPlayerControlView.m in Sources */ = {isa = PBXBuildFile; fileRef = EA78D1D423BEEFC40054C956 /* ESVideoPlayerControlView.m */; };
		EA78D21623BEEFC50054C956 /* ESPopoverView.m in Sources */ = {isa = PBXBuildFile; fileRef = EA78D1D523BEEFC40054C956 /* ESPopoverView.m */; };
		EA78D21723BEEFC50054C956 /* UIView+Fade.m in Sources */ = {isa = PBXBuildFile; fileRef = EA78D1D623BEEFC40054C956 /* UIView+Fade.m */; };
		EA78D21823BEEFC50054C956 /* ESDefaultVideoControlView.m in Sources */ = {isa = PBXBuildFile; fileRef = EA78D1DA23BEEFC40054C956 /* ESDefaultVideoControlView.m */; };
		EA78D21923BEEFC50054C956 /* UIViewController+RotationControl.m in Sources */ = {isa = PBXBuildFile; fileRef = EA78D1DE23BEEFC40054C956 /* UIViewController+RotationControl.m */; };
		EA78D21A23BEEFC50054C956 /* UINavigationController+RotationControl.m in Sources */ = {isa = PBXBuildFile; fileRef = EA78D1DF23BEEFC40054C956 /* UINavigationController+RotationControl.m */; };
		EA78D21B23BEEFC50054C956 /* ESRotationManager.m in Sources */ = {isa = PBXBuildFile; fileRef = EA78D1E023BEEFC40054C956 /* ESRotationManager.m */; };
		EA78D21C23BEEFC50054C956 /* ESVideoViewController.m in Sources */ = {isa = PBXBuildFile; fileRef = EA78D1E223BEEFC40054C956 /* ESVideoViewController.m */; };
		EA78D21D23BEEFC50054C956 /* ESPPTViewController.m in Sources */ = {isa = PBXBuildFile; fileRef = EA78D1E523BEEFC50054C956 /* ESPPTViewController.m */; };
		EA78D21E23BEEFC50054C956 /* ESAudioViewController.m in Sources */ = {isa = PBXBuildFile; fileRef = EA78D1E923BEEFC50054C956 /* ESAudioViewController.m */; };
		EA78D21F23BEEFC50054C956 /* ESAudioPlayerCoverView.xib in Resources */ = {isa = PBXBuildFile; fileRef = EA78D1EA23BEEFC50054C956 /* ESAudioPlayerCoverView.xib */; };
		EA78D22023BEEFC50054C956 /* ESAudioPlayerCoverView.m in Sources */ = {isa = PBXBuildFile; fileRef = EA78D1EB23BEEFC50054C956 /* ESAudioPlayerCoverView.m */; };
		EA78D22123BEEFC50054C956 /* ESUploadTableViewCell.xib in Resources */ = {isa = PBXBuildFile; fileRef = EA78D1EE23BEEFC50054C956 /* ESUploadTableViewCell.xib */; };
		EA78D22223BEEFC50054C956 /* ESUploadViewController.m in Sources */ = {isa = PBXBuildFile; fileRef = EA78D1EF23BEEFC50054C956 /* ESUploadViewController.m */; };
		EA78D22323BEEFC50054C956 /* ESUploadTableViewSectionHeader.m in Sources */ = {isa = PBXBuildFile; fileRef = EA78D1F023BEEFC50054C956 /* ESUploadTableViewSectionHeader.m */; };
		EA78D22423BEEFC50054C956 /* ESUploadTableViewCell.m in Sources */ = {isa = PBXBuildFile; fileRef = EA78D1F123BEEFC50054C956 /* ESUploadTableViewCell.m */; };
		EA78D22523BEEFC50054C956 /* ESUploadTableViewSectionHeader.xib in Resources */ = {isa = PBXBuildFile; fileRef = EA78D1F223BEEFC50054C956 /* ESUploadTableViewSectionHeader.xib */; };
		EA78D22623BEEFC50054C956 /* ESTopTipView.xib in Resources */ = {isa = PBXBuildFile; fileRef = EA78D1F823BEEFC50054C956 /* ESTopTipView.xib */; };
		EA78D22723BEEFC50054C956 /* ESTopTipView.m in Sources */ = {isa = PBXBuildFile; fileRef = EA78D1F923BEEFC50054C956 /* ESTopTipView.m */; };
		EAF0F7C8237D401F00D677C6 /* QPBaseViewController.m in Sources */ = {isa = PBXBuildFile; fileRef = EAF0F7C7237D401F00D677C6 /* QPBaseViewController.m */; };
/* End PBXBuildFile section */

/* Begin PBXContainerItemProxy section */
		6003F5B3195388D20070C39A /* PBXContainerItemProxy */ = {
			isa = PBXContainerItemProxy;
			containerPortal = 6003F582195388D10070C39A /* Project object */;
			proxyType = 1;
			remoteGlobalIDString = 6003F589195388D20070C39A;
			remoteInfo = QiqiuyunPlayerSDK;
		};
/* End PBXContainerItemProxy section */

/* Begin PBXFileReference section */
		15079BC3F1F349480FFEB3A2 /* Pods_QiqiuyunPlayerSDK_Tests.framework */ = {isa = PBXFileReference; explicitFileType = wrapper.framework; includeInIndex = 0; path = Pods_QiqiuyunPlayerSDK_Tests.framework; sourceTree = BUILT_PRODUCTS_DIR; };
		2CAFECF00A6595D45137B478 /* ESCloudPlayerSDK.podspec */ = {isa = PBXFileReference; includeInIndex = 1; lastKnownFileType = text; name = ESCloudPlayerSDK.podspec; path = ../ESCloudPlayerSDK.podspec; sourceTree = "<group>"; xcLanguageSpecificationIdentifier = xcode.lang.ruby; };
		2EAA8A900D325BB34EB83BB3 /* Pods-QiqiuyunPlayerSDK_Example.release.xcconfig */ = {isa = PBXFileReference; includeInIndex = 1; lastKnownFileType = text.xcconfig; name = "Pods-QiqiuyunPlayerSDK_Example.release.xcconfig"; path = "Target Support Files/Pods-QiqiuyunPlayerSDK_Example/Pods-QiqiuyunPlayerSDK_Example.release.xcconfig"; sourceTree = "<group>"; };
		3C1800CF9161926FE69D7659 /* LICENSE */ = {isa = PBXFileReference; includeInIndex = 1; lastKnownFileType = text; name = LICENSE; path = ../LICENSE; sourceTree = "<group>"; };
		6003F58A195388D20070C39A /* 气球云播放器.app */ = {isa = PBXFileReference; explicitFileType = wrapper.application; includeInIndex = 0; path = "气球云播放器.app"; sourceTree = BUILT_PRODUCTS_DIR; };
		6003F58D195388D20070C39A /* Foundation.framework */ = {isa = PBXFileReference; lastKnownFileType = wrapper.framework; name = Foundation.framework; path = System/Library/Frameworks/Foundation.framework; sourceTree = SDKROOT; };
		6003F58F195388D20070C39A /* CoreGraphics.framework */ = {isa = PBXFileReference; lastKnownFileType = wrapper.framework; name = CoreGraphics.framework; path = System/Library/Frameworks/CoreGraphics.framework; sourceTree = SDKROOT; };
		6003F591195388D20070C39A /* UIKit.framework */ = {isa = PBXFileReference; lastKnownFileType = wrapper.framework; name = UIKit.framework; path = System/Library/Frameworks/UIKit.framework; sourceTree = SDKROOT; };
		6003F595195388D20070C39A /* QiqiuyunPlayerSDK-Info.plist */ = {isa = PBXFileReference; lastKnownFileType = text.plist.xml; path = "QiqiuyunPlayerSDK-Info.plist"; sourceTree = "<group>"; };
		6003F597195388D20070C39A /* en */ = {isa = PBXFileReference; lastKnownFileType = text.plist.strings; name = en; path = en.lproj/InfoPlist.strings; sourceTree = "<group>"; };
		6003F599195388D20070C39A /* main.m */ = {isa = PBXFileReference; lastKnownFileType = sourcecode.c.objc; path = main.m; sourceTree = "<group>"; };
		6003F59B195388D20070C39A /* QiqiuyunPlayerSDK-Prefix.pch */ = {isa = PBXFileReference; lastKnownFileType = sourcecode.c.h; path = "QiqiuyunPlayerSDK-Prefix.pch"; sourceTree = "<group>"; };
		6003F5A8195388D20070C39A /* Images.xcassets */ = {isa = PBXFileReference; lastKnownFileType = folder.assetcatalog; path = Images.xcassets; sourceTree = "<group>"; };
		6003F5AE195388D20070C39A /* QiqiuyunPlayerSDK_Tests.xctest */ = {isa = PBXFileReference; explicitFileType = wrapper.cfbundle; includeInIndex = 0; path = QiqiuyunPlayerSDK_Tests.xctest; sourceTree = BUILT_PRODUCTS_DIR; };
		6003F5AF195388D20070C39A /* XCTest.framework */ = {isa = PBXFileReference; lastKnownFileType = wrapper.framework; name = XCTest.framework; path = Library/Frameworks/XCTest.framework; sourceTree = DEVELOPER_DIR; };
		6003F5B7195388D20070C39A /* Tests-Info.plist */ = {isa = PBXFileReference; lastKnownFileType = text.plist.xml; path = "Tests-Info.plist"; sourceTree = "<group>"; };
		6003F5B9195388D20070C39A /* en */ = {isa = PBXFileReference; lastKnownFileType = text.plist.strings; name = en; path = en.lproj/InfoPlist.strings; sourceTree = "<group>"; };
		6003F5BB195388D20070C39A /* Tests.m */ = {isa = PBXFileReference; lastKnownFileType = sourcecode.c.objc; path = Tests.m; sourceTree = "<group>"; };
		606FC2411953D9B200FFA9A0 /* Tests-Prefix.pch */ = {isa = PBXFileReference; lastKnownFileType = sourcecode.c.h; path = "Tests-Prefix.pch"; sourceTree = "<group>"; };
		71719F9E1E33DC2100824A3D /* Base */ = {isa = PBXFileReference; lastKnownFileType = file.storyboard; name = Base; path = Base.lproj/LaunchScreen.storyboard; sourceTree = "<group>"; };
		873B8AEA1B1F5CCA007FD442 /* Main.storyboard */ = {isa = PBXFileReference; fileEncoding = 4; lastKnownFileType = file.storyboard; name = Main.storyboard; path = Base.lproj/Main.storyboard; sourceTree = "<group>"; };
		C7231C26BD390FCB985DCB88 /* Pods-QiqiuyunPlayerSDK_Tests.debug.xcconfig */ = {isa = PBXFileReference; includeInIndex = 1; lastKnownFileType = text.xcconfig; name = "Pods-QiqiuyunPlayerSDK_Tests.debug.xcconfig"; path = "Target Support Files/Pods-QiqiuyunPlayerSDK_Tests/Pods-QiqiuyunPlayerSDK_Tests.debug.xcconfig"; sourceTree = "<group>"; };
		C93AF0D40CF6A80DD6177AF8 /* Pods-QiqiuyunPlayerSDK_Tests.release.xcconfig */ = {isa = PBXFileReference; includeInIndex = 1; lastKnownFileType = text.xcconfig; name = "Pods-QiqiuyunPlayerSDK_Tests.release.xcconfig"; path = "Target Support Files/Pods-QiqiuyunPlayerSDK_Tests/Pods-QiqiuyunPlayerSDK_Tests.release.xcconfig"; sourceTree = "<group>"; };
		DA914BC58D11E83C6D9F786C /* README.md */ = {isa = PBXFileReference; includeInIndex = 1; lastKnownFileType = net.daringfireball.markdown; name = README.md; path = ../README.md; sourceTree = "<group>"; };
		E4A10294AC69A5899CF80B19 /* Pods_QiqiuyunPlayerSDK_Example.framework */ = {isa = PBXFileReference; explicitFileType = wrapper.framework; includeInIndex = 0; path = Pods_QiqiuyunPlayerSDK_Example.framework; sourceTree = BUILT_PRODUCTS_DIR; };
		EA1007EA23BF168800756D53 /* ESCloudSDKDemoCommon.h */ = {isa = PBXFileReference; lastKnownFileType = sourcecode.c.h; path = ESCloudSDKDemoCommon.h; sourceTree = "<group>"; };
		EA1007EB23BF187000756D53 /* CloudResource.plist */ = {isa = PBXFileReference; fileEncoding = 4; lastKnownFileType = text.plist.xml; path = CloudResource.plist; sourceTree = "<group>"; };
		EA1007ED23BF189700756D53 /* DownloadResource.plist */ = {isa = PBXFileReference; lastKnownFileType = text.plist.xml; path = DownloadResource.plist; sourceTree = "<group>"; };
		EA78D19C23BEEFC30054C956 /* ESViewController.m */ = {isa = PBXFileReference; fileEncoding = 4; lastKnownFileType = sourcecode.c.objc; path = ESViewController.m; sourceTree = "<group>"; };
		EA78D19E23BEEFC40054C956 /* ESBasePlayViewController.h */ = {isa = PBXFileReference; fileEncoding = 4; lastKnownFileType = sourcecode.c.h; path = ESBasePlayViewController.h; sourceTree = "<group>"; };
		EA78D19F23BEEFC40054C956 /* ESBaseViewController.h */ = {isa = PBXFileReference; fileEncoding = 4; lastKnownFileType = sourcecode.c.h; path = ESBaseViewController.h; sourceTree = "<group>"; };
		EA78D1A023BEEFC40054C956 /* ESBaseTableViewController.h */ = {isa = PBXFileReference; fileEncoding = 4; lastKnownFileType = sourcecode.c.h; path = ESBaseTableViewController.h; sourceTree = "<group>"; };
		EA78D1A123BEEFC40054C956 /* ESBasePlayViewController.m */ = {isa = PBXFileReference; fileEncoding = 4; lastKnownFileType = sourcecode.c.objc; path = ESBasePlayViewController.m; sourceTree = "<group>"; };
		EA78D1A223BEEFC40054C956 /* ESBaseViewController.m */ = {isa = PBXFileReference; fileEncoding = 4; lastKnownFileType = sourcecode.c.objc; path = ESBaseViewController.m; sourceTree = "<group>"; };
		EA78D1A323BEEFC40054C956 /* ESBaseTableViewController.m */ = {isa = PBXFileReference; fileEncoding = 4; lastKnownFileType = sourcecode.c.objc; path = ESBaseTableViewController.m; sourceTree = "<group>"; };
		EA78D1A423BEEFC40054C956 /* ESAppDelegate.m */ = {isa = PBXFileReference; fileEncoding = 4; lastKnownFileType = sourcecode.c.objc; path = ESAppDelegate.m; sourceTree = "<group>"; };
		EA78D1A623BEEFC40054C956 /* ESTempFile.h */ = {isa = PBXFileReference; fileEncoding = 4; lastKnownFileType = sourcecode.c.h; path = ESTempFile.h; sourceTree = "<group>"; };
		EA78D1A723BEEFC40054C956 /* NSString+extno.m */ = {isa = PBXFileReference; fileEncoding = 4; lastKnownFileType = sourcecode.c.objc; path = "NSString+extno.m"; sourceTree = "<group>"; };
		EA78D1A823BEEFC40054C956 /* ESJWTTokenTool.h */ = {isa = PBXFileReference; fileEncoding = 4; lastKnownFileType = sourcecode.c.h; path = ESJWTTokenTool.h; sourceTree = "<group>"; };
		EA78D1A923BEEFC40054C956 /* ESUploadSimulator.m */ = {isa = PBXFileReference; fileEncoding = 4; lastKnownFileType = sourcecode.c.objc; path = ESUploadSimulator.m; sourceTree = "<group>"; };
		EA78D1AA23BEEFC40054C956 /* UINavigationBar+Edusoho.m */ = {isa = PBXFileReference; fileEncoding = 4; lastKnownFileType = sourcecode.c.objc; path = "UINavigationBar+Edusoho.m"; sourceTree = "<group>"; };
		EA78D1AB23BEEFC40054C956 /* PKCircleView+Edusoho.h */ = {isa = PBXFileReference; fileEncoding = 4; lastKnownFileType = sourcecode.c.h; path = "PKCircleView+Edusoho.h"; sourceTree = "<group>"; };
		EA78D1AC23BEEFC40054C956 /* NSString+extno.h */ = {isa = PBXFileReference; fileEncoding = 4; lastKnownFileType = sourcecode.c.h; path = "NSString+extno.h"; sourceTree = "<group>"; };
		EA78D1AD23BEEFC40054C956 /* ESTempFile.m */ = {isa = PBXFileReference; fileEncoding = 4; lastKnownFileType = sourcecode.c.objc; path = ESTempFile.m; sourceTree = "<group>"; };
		EA78D1AE23BEEFC40054C956 /* ESUploadSimulator.h */ = {isa = PBXFileReference; fileEncoding = 4; lastKnownFileType = sourcecode.c.h; path = ESUploadSimulator.h; sourceTree = "<group>"; };
		EA78D1AF23BEEFC40054C956 /* ESJWTTokenTool.m */ = {isa = PBXFileReference; fileEncoding = 4; lastKnownFileType = sourcecode.c.objc; path = ESJWTTokenTool.m; sourceTree = "<group>"; };
		EA78D1B023BEEFC40054C956 /* PKCircleView+Edusoho.m */ = {isa = PBXFileReference; fileEncoding = 4; lastKnownFileType = sourcecode.c.objc; path = "PKCircleView+Edusoho.m"; sourceTree = "<group>"; };
		EA78D1B123BEEFC40054C956 /* UINavigationBar+Edusoho.h */ = {isa = PBXFileReference; fileEncoding = 4; lastKnownFileType = sourcecode.c.h; path = "UINavigationBar+Edusoho.h"; sourceTree = "<group>"; };
		EA78D1B323BEEFC40054C956 /* ESDocumetntViewController.h */ = {isa = PBXFileReference; fileEncoding = 4; lastKnownFileType = sourcecode.c.h; path = ESDocumetntViewController.h; sourceTree = "<group>"; };
		EA78D1B423BEEFC40054C956 /* ESDocumetntViewController.m */ = {isa = PBXFileReference; fileEncoding = 4; lastKnownFileType = sourcecode.c.objc; path = ESDocumetntViewController.m; sourceTree = "<group>"; };
		EA78D1B623BEEFC40054C956 /* ESDownloadBaseViewController.m */ = {isa = PBXFileReference; fileEncoding = 4; lastKnownFileType = sourcecode.c.objc; path = ESDownloadBaseViewController.m; sourceTree = "<group>"; };
		EA78D1B723BEEFC40054C956 /* ESDownloadContainerViewController.h */ = {isa = PBXFileReference; fileEncoding = 4; lastKnownFileType = sourcecode.c.h; path = ESDownloadContainerViewController.h; sourceTree = "<group>"; };
		EA78D1B923BEEFC40054C956 /* ESDownloadViewController.h */ = {isa = PBXFileReference; fileEncoding = 4; lastKnownFileType = sourcecode.c.h; path = ESDownloadViewController.h; sourceTree = "<group>"; };
		EA78D1BA23BEEFC40054C956 /* ESPlayM3U8FileViewController.m */ = {isa = PBXFileReference; fileEncoding = 4; lastKnownFileType = sourcecode.c.objc; path = ESPlayM3U8FileViewController.m; sourceTree = "<group>"; };
		EA78D1BB23BEEFC40054C956 /* ESDownloadTableViewCell.h */ = {isa = PBXFileReference; fileEncoding = 4; lastKnownFileType = sourcecode.c.h; path = ESDownloadTableViewCell.h; sourceTree = "<group>"; };
		EA78D1BC23BEEFC40054C956 /* ESDownloadResourceModel.m */ = {isa = PBXFileReference; fileEncoding = 4; lastKnownFileType = sourcecode.c.objc; path = ESDownloadResourceModel.m; sourceTree = "<group>"; };
		EA78D1BE23BEEFC40054C956 /* ESDownloadedViewController.m */ = {isa = PBXFileReference; fileEncoding = 4; lastKnownFileType = sourcecode.c.objc; path = ESDownloadedViewController.m; sourceTree = "<group>"; };
		EA78D1BF23BEEFC40054C956 /* ESDownloadingViewController.m */ = {isa = PBXFileReference; fileEncoding = 4; lastKnownFileType = sourcecode.c.objc; path = ESDownloadingViewController.m; sourceTree = "<group>"; };
		EA78D1C123BEEFC40054C956 /* ESDownloadTableViewCell.xib */ = {isa = PBXFileReference; fileEncoding = 4; lastKnownFileType = file.xib; path = ESDownloadTableViewCell.xib; sourceTree = "<group>"; };
		EA78D1C223BEEFC40054C956 /* ESDownloadContainerViewController.m */ = {isa = PBXFileReference; fileEncoding = 4; lastKnownFileType = sourcecode.c.objc; path = ESDownloadContainerViewController.m; sourceTree = "<group>"; };
		EA78D1C323BEEFC40054C956 /* ESDownloadBaseViewController.h */ = {isa = PBXFileReference; fileEncoding = 4; lastKnownFileType = sourcecode.c.h; path = ESDownloadBaseViewController.h; sourceTree = "<group>"; };
		EA78D1C423BEEFC40054C956 /* ESDownloadResourceModel.h */ = {isa = PBXFileReference; fileEncoding = 4; lastKnownFileType = sourcecode.c.h; path = ESDownloadResourceModel.h; sourceTree = "<group>"; };
		EA78D1C523BEEFC40054C956 /* ESDownloadTableViewCell.m */ = {isa = PBXFileReference; fileEncoding = 4; lastKnownFileType = sourcecode.c.objc; path = ESDownloadTableViewCell.m; sourceTree = "<group>"; };
		EA78D1C623BEEFC40054C956 /* ESPlayM3U8FileViewController.h */ = {isa = PBXFileReference; fileEncoding = 4; lastKnownFileType = sourcecode.c.h; path = ESPlayM3U8FileViewController.h; sourceTree = "<group>"; };
		EA78D1C723BEEFC40054C956 /* ESDownloadViewController.m */ = {isa = PBXFileReference; fileEncoding = 4; lastKnownFileType = sourcecode.c.objc; path = ESDownloadViewController.m; sourceTree = "<group>"; };
		EA78D1C823BEEFC40054C956 /* ESDownloadedViewController.h */ = {isa = PBXFileReference; fileEncoding = 4; lastKnownFileType = sourcecode.c.h; path = ESDownloadedViewController.h; sourceTree = "<group>"; };
		EA78D1C923BEEFC40054C956 /* ESDownloadingViewController.h */ = {isa = PBXFileReference; fileEncoding = 4; lastKnownFileType = sourcecode.c.h; path = ESDownloadingViewController.h; sourceTree = "<group>"; };
		EA78D1CA23BEEFC40054C956 /* ESPlayM3U8FileViewController.xib */ = {isa = PBXFileReference; fileEncoding = 4; lastKnownFileType = file.xib; path = ESPlayM3U8FileViewController.xib; sourceTree = "<group>"; };
		EA78D1CC23BEEFC40054C956 /* ESAdminResourceViewController.m */ = {isa = PBXFileReference; fileEncoding = 4; lastKnownFileType = sourcecode.c.objc; path = ESAdminResourceViewController.m; sourceTree = "<group>"; };
		EA78D1CD23BEEFC40054C956 /* ESAdminResourceViewController.h */ = {isa = PBXFileReference; fileEncoding = 4; lastKnownFileType = sourcecode.c.h; path = ESAdminResourceViewController.h; sourceTree = "<group>"; };
		EA78D1CF23BEEFC40054C956 /* ESVideoViewController.h */ = {isa = PBXFileReference; fileEncoding = 4; lastKnownFileType = sourcecode.c.h; path = ESVideoViewController.h; sourceTree = "<group>"; };
		EA78D1D123BEEFC40054C956 /* UIView+Fade.h */ = {isa = PBXFileReference; fileEncoding = 4; lastKnownFileType = sourcecode.c.h; path = "UIView+Fade.h"; sourceTree = "<group>"; };
		EA78D1D223BEEFC40054C956 /* ESVideoPlayerSlider.m */ = {isa = PBXFileReference; fileEncoding = 4; lastKnownFileType = sourcecode.c.objc; path = ESVideoPlayerSlider.m; sourceTree = "<group>"; };
		EA78D1D323BEEFC40054C956 /* ESDefaultVideoControlView.h */ = {isa = PBXFileReference; fileEncoding = 4; lastKnownFileType = sourcecode.c.h; path = ESDefaultVideoControlView.h; sourceTree = "<group>"; };
		EA78D1D423BEEFC40054C956 /* ESVideoPlayerControlView.m */ = {isa = PBXFileReference; fileEncoding = 4; lastKnownFileType = sourcecode.c.objc; path = ESVideoPlayerControlView.m; sourceTree = "<group>"; };
		EA78D1D523BEEFC40054C956 /* ESPopoverView.m */ = {isa = PBXFileReference; fileEncoding = 4; lastKnownFileType = sourcecode.c.objc; path = ESPopoverView.m; sourceTree = "<group>"; };
		EA78D1D623BEEFC40054C956 /* UIView+Fade.m */ = {isa = PBXFileReference; fileEncoding = 4; lastKnownFileType = sourcecode.c.objc; path = "UIView+Fade.m"; sourceTree = "<group>"; };
		EA78D1D723BEEFC40054C956 /* ESVideoPlayerSlider.h */ = {isa = PBXFileReference; fileEncoding = 4; lastKnownFileType = sourcecode.c.h; path = ESVideoPlayerSlider.h; sourceTree = "<group>"; };
		EA78D1D823BEEFC40054C956 /* ESPopoverView.h */ = {isa = PBXFileReference; fileEncoding = 4; lastKnownFileType = sourcecode.c.h; path = ESPopoverView.h; sourceTree = "<group>"; };
		EA78D1D923BEEFC40054C956 /* ESVideoPlayerControlView.h */ = {isa = PBXFileReference; fileEncoding = 4; lastKnownFileType = sourcecode.c.h; path = ESVideoPlayerControlView.h; sourceTree = "<group>"; };
		EA78D1DA23BEEFC40054C956 /* ESDefaultVideoControlView.m */ = {isa = PBXFileReference; fileEncoding = 4; lastKnownFileType = sourcecode.c.objc; path = ESDefaultVideoControlView.m; sourceTree = "<group>"; };
		EA78D1DC23BEEFC40054C956 /* ESRotationManager.h */ = {isa = PBXFileReference; fileEncoding = 4; lastKnownFileType = sourcecode.c.h; path = ESRotationManager.h; sourceTree = "<group>"; };
		EA78D1DD23BEEFC40054C956 /* UINavigationController+RotationControl.h */ = {isa = PBXFileReference; fileEncoding = 4; lastKnownFileType = sourcecode.c.h; path = "UINavigationController+RotationControl.h"; sourceTree = "<group>"; };
		EA78D1DE23BEEFC40054C956 /* UIViewController+RotationControl.m */ = {isa = PBXFileReference; fileEncoding = 4; lastKnownFileType = sourcecode.c.objc; path = "UIViewController+RotationControl.m"; sourceTree = "<group>"; };
		EA78D1DF23BEEFC40054C956 /* UINavigationController+RotationControl.m */ = {isa = PBXFileReference; fileEncoding = 4; lastKnownFileType = sourcecode.c.objc; path = "UINavigationController+RotationControl.m"; sourceTree = "<group>"; };
		EA78D1E023BEEFC40054C956 /* ESRotationManager.m */ = {isa = PBXFileReference; fileEncoding = 4; lastKnownFileType = sourcecode.c.objc; path = ESRotationManager.m; sourceTree = "<group>"; };
		EA78D1E123BEEFC40054C956 /* UIViewController+RotationControl.h */ = {isa = PBXFileReference; fileEncoding = 4; lastKnownFileType = sourcecode.c.h; path = "UIViewController+RotationControl.h"; sourceTree = "<group>"; };
		EA78D1E223BEEFC40054C956 /* ESVideoViewController.m */ = {isa = PBXFileReference; fileEncoding = 4; lastKnownFileType = sourcecode.c.objc; path = ESVideoViewController.m; sourceTree = "<group>"; };
		EA78D1E323BEEFC40054C956 /* ESAppDelegate.h */ = {isa = PBXFileReference; fileEncoding = 4; lastKnownFileType = sourcecode.c.h; path = ESAppDelegate.h; sourceTree = "<group>"; };
		EA78D1E523BEEFC50054C956 /* ESPPTViewController.m */ = {isa = PBXFileReference; fileEncoding = 4; lastKnownFileType = sourcecode.c.objc; path = ESPPTViewController.m; sourceTree = "<group>"; };
		EA78D1E623BEEFC50054C956 /* ESPPTViewController.h */ = {isa = PBXFileReference; fileEncoding = 4; lastKnownFileType = sourcecode.c.h; path = ESPPTViewController.h; sourceTree = "<group>"; };
		EA78D1E823BEEFC50054C956 /* ESAudioPlayerCoverView.h */ = {isa = PBXFileReference; fileEncoding = 4; lastKnownFileType = sourcecode.c.h; path = ESAudioPlayerCoverView.h; sourceTree = "<group>"; };
		EA78D1E923BEEFC50054C956 /* ESAudioViewController.m */ = {isa = PBXFileReference; fileEncoding = 4; lastKnownFileType = sourcecode.c.objc; path = ESAudioViewController.m; sourceTree = "<group>"; };
		EA78D1EA23BEEFC50054C956 /* ESAudioPlayerCoverView.xib */ = {isa = PBXFileReference; fileEncoding = 4; lastKnownFileType = file.xib; path = ESAudioPlayerCoverView.xib; sourceTree = "<group>"; };
		EA78D1EB23BEEFC50054C956 /* ESAudioPlayerCoverView.m */ = {isa = PBXFileReference; fileEncoding = 4; lastKnownFileType = sourcecode.c.objc; path = ESAudioPlayerCoverView.m; sourceTree = "<group>"; };
		EA78D1EC23BEEFC50054C956 /* ESAudioViewController.h */ = {isa = PBXFileReference; fileEncoding = 4; lastKnownFileType = sourcecode.c.h; path = ESAudioViewController.h; sourceTree = "<group>"; };
		EA78D1EE23BEEFC50054C956 /* ESUploadTableViewCell.xib */ = {isa = PBXFileReference; fileEncoding = 4; lastKnownFileType = file.xib; path = ESUploadTableViewCell.xib; sourceTree = "<group>"; };
		EA78D1EF23BEEFC50054C956 /* ESUploadViewController.m */ = {isa = PBXFileReference; fileEncoding = 4; lastKnownFileType = sourcecode.c.objc; path = ESUploadViewController.m; sourceTree = "<group>"; };
		EA78D1F023BEEFC50054C956 /* ESUploadTableViewSectionHeader.m */ = {isa = PBXFileReference; fileEncoding = 4; lastKnownFileType = sourcecode.c.objc; path = ESUploadTableViewSectionHeader.m; sourceTree = "<group>"; };
		EA78D1F123BEEFC50054C956 /* ESUploadTableViewCell.m */ = {isa = PBXFileReference; fileEncoding = 4; lastKnownFileType = sourcecode.c.objc; path = ESUploadTableViewCell.m; sourceTree = "<group>"; };
		EA78D1F223BEEFC50054C956 /* ESUploadTableViewSectionHeader.xib */ = {isa = PBXFileReference; fileEncoding = 4; lastKnownFileType = file.xib; path = ESUploadTableViewSectionHeader.xib; sourceTree = "<group>"; };
		EA78D1F323BEEFC50054C956 /* ESUploadTableViewSectionHeader.h */ = {isa = PBXFileReference; fileEncoding = 4; lastKnownFileType = sourcecode.c.h; path = ESUploadTableViewSectionHeader.h; sourceTree = "<group>"; };
		EA78D1F423BEEFC50054C956 /* ESUploadViewController.h */ = {isa = PBXFileReference; fileEncoding = 4; lastKnownFileType = sourcecode.c.h; path = ESUploadViewController.h; sourceTree = "<group>"; };
		EA78D1F523BEEFC50054C956 /* ESUploadTableViewCell.h */ = {isa = PBXFileReference; fileEncoding = 4; lastKnownFileType = sourcecode.c.h; path = ESUploadTableViewCell.h; sourceTree = "<group>"; };
		EA78D1F723BEEFC50054C956 /* ESTopTipView.h */ = {isa = PBXFileReference; fileEncoding = 4; lastKnownFileType = sourcecode.c.h; path = ESTopTipView.h; sourceTree = "<group>"; };
		EA78D1F823BEEFC50054C956 /* ESTopTipView.xib */ = {isa = PBXFileReference; fileEncoding = 4; lastKnownFileType = file.xib; path = ESTopTipView.xib; sourceTree = "<group>"; };
		EA78D1F923BEEFC50054C956 /* ESTopTipView.m */ = {isa = PBXFileReference; fileEncoding = 4; lastKnownFileType = sourcecode.c.objc; path = ESTopTipView.m; sourceTree = "<group>"; };
		EA78D1FA23BEEFC50054C956 /* ESViewController.h */ = {isa = PBXFileReference; fileEncoding = 4; lastKnownFileType = sourcecode.c.h; path = ESViewController.h; sourceTree = "<group>"; };
		EAF0F7C6237D401F00D677C6 /* QPBaseViewController.h */ = {isa = PBXFileReference; lastKnownFileType = sourcecode.c.h; path = QPBaseViewController.h; sourceTree = "<group>"; };
		EAF0F7C7237D401F00D677C6 /* QPBaseViewController.m */ = {isa = PBXFileReference; lastKnownFileType = sourcecode.c.objc; path = QPBaseViewController.m; sourceTree = "<group>"; };
		F605790FB8AE13A9B6184801 /* Pods-QiqiuyunPlayerSDK_Example.debug.xcconfig */ = {isa = PBXFileReference; includeInIndex = 1; lastKnownFileType = text.xcconfig; name = "Pods-QiqiuyunPlayerSDK_Example.debug.xcconfig"; path = "Target Support Files/Pods-QiqiuyunPlayerSDK_Example/Pods-QiqiuyunPlayerSDK_Example.debug.xcconfig"; sourceTree = "<group>"; };
/* End PBXFileReference section */

/* Begin PBXFrameworksBuildPhase section */
		6003F587195388D20070C39A /* Frameworks */ = {
			isa = PBXFrameworksBuildPhase;
			buildActionMask = 2147483647;
			files = (
				6003F590195388D20070C39A /* CoreGraphics.framework in Frameworks */,
				6003F592195388D20070C39A /* UIKit.framework in Frameworks */,
				6003F58E195388D20070C39A /* Foundation.framework in Frameworks */,
				1744B20F224007E6CD5B618A /* Pods_QiqiuyunPlayerSDK_Example.framework in Frameworks */,
			);
			runOnlyForDeploymentPostprocessing = 0;
		};
		6003F5AB195388D20070C39A /* Frameworks */ = {
			isa = PBXFrameworksBuildPhase;
			buildActionMask = 2147483647;
			files = (
				6003F5B0195388D20070C39A /* XCTest.framework in Frameworks */,
				6003F5B2195388D20070C39A /* UIKit.framework in Frameworks */,
				6003F5B1195388D20070C39A /* Foundation.framework in Frameworks */,
				C96DD429A2756E01C4F48D37 /* Pods_QiqiuyunPlayerSDK_Tests.framework in Frameworks */,
			);
			runOnlyForDeploymentPostprocessing = 0;
		};
/* End PBXFrameworksBuildPhase section */

/* Begin PBXGroup section */
		6003F581195388D10070C39A = {
			isa = PBXGroup;
			children = (
				60FF7A9C1954A5C5007DD14C /* Podspec Metadata */,
				6003F593195388D20070C39A /* Example for QiqiuyunPlayerSDK */,
				6003F5B5195388D20070C39A /* Tests */,
				6003F58C195388D20070C39A /* Frameworks */,
				6003F58B195388D20070C39A /* Products */,
				BD465D3F6C00817872B6E0B6 /* Pods */,
			);
			sourceTree = "<group>";
		};
		6003F58B195388D20070C39A /* Products */ = {
			isa = PBXGroup;
			children = (
				6003F58A195388D20070C39A /* 气球云播放器.app */,
				6003F5AE195388D20070C39A /* QiqiuyunPlayerSDK_Tests.xctest */,
			);
			name = Products;
			sourceTree = "<group>";
		};
		6003F58C195388D20070C39A /* Frameworks */ = {
			isa = PBXGroup;
			children = (
				6003F58D195388D20070C39A /* Foundation.framework */,
				6003F58F195388D20070C39A /* CoreGraphics.framework */,
				6003F591195388D20070C39A /* UIKit.framework */,
				6003F5AF195388D20070C39A /* XCTest.framework */,
				E4A10294AC69A5899CF80B19 /* Pods_QiqiuyunPlayerSDK_Example.framework */,
				15079BC3F1F349480FFEB3A2 /* Pods_QiqiuyunPlayerSDK_Tests.framework */,
			);
			name = Frameworks;
			sourceTree = "<group>";
		};
		6003F593195388D20070C39A /* Example for QiqiuyunPlayerSDK */ = {
			isa = PBXGroup;
			children = (
				EA78D1CB23BEEFC40054C956 /* Admin */,
				EA78D1E723BEEFC50054C956 /* Audio */,
				EA78D19D23BEEFC40054C956 /* Base */,
				EA78D1B223BEEFC40054C956 /* Document */,
				EA78D1B523BEEFC40054C956 /* DownloadViewController */,
				EA78D1E323BEEFC40054C956 /* ESAppDelegate.h */,
				EA78D1A423BEEFC40054C956 /* ESAppDelegate.m */,
				EA78D1FA23BEEFC50054C956 /* ESViewController.h */,
				EA78D19C23BEEFC30054C956 /* ESViewController.m */,
				EA1007EB23BF187000756D53 /* CloudResource.plist */,
				EA1007ED23BF189700756D53 /* DownloadResource.plist */,
				EA78D1A523BEEFC40054C956 /* Helper */,
				EA78D1E423BEEFC50054C956 /* PPT */,
				EA78D1ED23BEEFC50054C956 /* UploadViewController */,
				EA78D1CE23BEEFC40054C956 /* Video */,
				EA78D1F623BEEFC50054C956 /* View */,
				EAF0F7C6237D401F00D677C6 /* QPBaseViewController.h */,
				EAF0F7C7237D401F00D677C6 /* QPBaseViewController.m */,
				873B8AEA1B1F5CCA007FD442 /* Main.storyboard */,
				71719F9D1E33DC2100824A3D /* LaunchScreen.storyboard */,
				6003F5A8195388D20070C39A /* Images.xcassets */,
				6003F594195388D20070C39A /* Supporting Files */,
			);
			name = "Example for QiqiuyunPlayerSDK";
			path = QiqiuyunPlayerSDK;
			sourceTree = "<group>";
		};
		6003F594195388D20070C39A /* Supporting Files */ = {
			isa = PBXGroup;
			children = (
				6003F595195388D20070C39A /* QiqiuyunPlayerSDK-Info.plist */,
				6003F596195388D20070C39A /* InfoPlist.strings */,
				6003F599195388D20070C39A /* main.m */,
				6003F59B195388D20070C39A /* QiqiuyunPlayerSDK-Prefix.pch */,
				EA1007EA23BF168800756D53 /* ESCloudSDKDemoCommon.h */,
			);
			name = "Supporting Files";
			sourceTree = "<group>";
		};
		6003F5B5195388D20070C39A /* Tests */ = {
			isa = PBXGroup;
			children = (
				6003F5BB195388D20070C39A /* Tests.m */,
				6003F5B6195388D20070C39A /* Supporting Files */,
			);
			path = Tests;
			sourceTree = "<group>";
		};
		6003F5B6195388D20070C39A /* Supporting Files */ = {
			isa = PBXGroup;
			children = (
				6003F5B7195388D20070C39A /* Tests-Info.plist */,
				6003F5B8195388D20070C39A /* InfoPlist.strings */,
				606FC2411953D9B200FFA9A0 /* Tests-Prefix.pch */,
			);
			name = "Supporting Files";
			sourceTree = "<group>";
		};
		60FF7A9C1954A5C5007DD14C /* Podspec Metadata */ = {
			isa = PBXGroup;
			children = (
				2CAFECF00A6595D45137B478 /* ESCloudPlayerSDK.podspec */,
				DA914BC58D11E83C6D9F786C /* README.md */,
				3C1800CF9161926FE69D7659 /* LICENSE */,
			);
			name = "Podspec Metadata";
			sourceTree = "<group>";
		};
		BD465D3F6C00817872B6E0B6 /* Pods */ = {
			isa = PBXGroup;
			children = (
				F605790FB8AE13A9B6184801 /* Pods-QiqiuyunPlayerSDK_Example.debug.xcconfig */,
				2EAA8A900D325BB34EB83BB3 /* Pods-QiqiuyunPlayerSDK_Example.release.xcconfig */,
				C7231C26BD390FCB985DCB88 /* Pods-QiqiuyunPlayerSDK_Tests.debug.xcconfig */,
				C93AF0D40CF6A80DD6177AF8 /* Pods-QiqiuyunPlayerSDK_Tests.release.xcconfig */,
			);
			path = Pods;
			sourceTree = "<group>";
		};
		EA78D19D23BEEFC40054C956 /* Base */ = {
			isa = PBXGroup;
			children = (
				EA78D19E23BEEFC40054C956 /* ESBasePlayViewController.h */,
				EA78D19F23BEEFC40054C956 /* ESBaseViewController.h */,
				EA78D1A023BEEFC40054C956 /* ESBaseTableViewController.h */,
				EA78D1A123BEEFC40054C956 /* ESBasePlayViewController.m */,
				EA78D1A223BEEFC40054C956 /* ESBaseViewController.m */,
				EA78D1A323BEEFC40054C956 /* ESBaseTableViewController.m */,
			);
			path = Base;
			sourceTree = "<group>";
		};
		EA78D1A523BEEFC40054C956 /* Helper */ = {
			isa = PBXGroup;
			children = (
				EA78D1A623BEEFC40054C956 /* ESTempFile.h */,
				EA78D1A723BEEFC40054C956 /* NSString+extno.m */,
				EA78D1A823BEEFC40054C956 /* ESJWTTokenTool.h */,
				EA78D1A923BEEFC40054C956 /* ESUploadSimulator.m */,
				EA78D1AA23BEEFC40054C956 /* UINavigationBar+Edusoho.m */,
				EA78D1AB23BEEFC40054C956 /* PKCircleView+Edusoho.h */,
				EA78D1AC23BEEFC40054C956 /* NSString+extno.h */,
				EA78D1AD23BEEFC40054C956 /* ESTempFile.m */,
				EA78D1AE23BEEFC40054C956 /* ESUploadSimulator.h */,
				EA78D1AF23BEEFC40054C956 /* ESJWTTokenTool.m */,
				EA78D1B023BEEFC40054C956 /* PKCircleView+Edusoho.m */,
				EA78D1B123BEEFC40054C956 /* UINavigationBar+Edusoho.h */,
			);
			path = Helper;
			sourceTree = "<group>";
		};
		EA78D1B223BEEFC40054C956 /* Document */ = {
			isa = PBXGroup;
			children = (
				EA78D1B323BEEFC40054C956 /* ESDocumetntViewController.h */,
				EA78D1B423BEEFC40054C956 /* ESDocumetntViewController.m */,
			);
			path = Document;
			sourceTree = "<group>";
		};
		EA78D1B523BEEFC40054C956 /* DownloadViewController */ = {
			isa = PBXGroup;
			children = (
				EA78D1B623BEEFC40054C956 /* ESDownloadBaseViewController.m */,
				EA78D1B723BEEFC40054C956 /* ESDownloadContainerViewController.h */,
				EA78D1B923BEEFC40054C956 /* ESDownloadViewController.h */,
				EA78D1BA23BEEFC40054C956 /* ESPlayM3U8FileViewController.m */,
				EA78D1BB23BEEFC40054C956 /* ESDownloadTableViewCell.h */,
				EA78D1BC23BEEFC40054C956 /* ESDownloadResourceModel.m */,
				EA78D1BE23BEEFC40054C956 /* ESDownloadedViewController.m */,
				EA78D1BF23BEEFC40054C956 /* ESDownloadingViewController.m */,
				EA78D1C123BEEFC40054C956 /* ESDownloadTableViewCell.xib */,
				EA78D1C223BEEFC40054C956 /* ESDownloadContainerViewController.m */,
				EA78D1C323BEEFC40054C956 /* ESDownloadBaseViewController.h */,
				EA78D1C423BEEFC40054C956 /* ESDownloadResourceModel.h */,
				EA78D1C523BEEFC40054C956 /* ESDownloadTableViewCell.m */,
				EA78D1C623BEEFC40054C956 /* ESPlayM3U8FileViewController.h */,
				EA78D1C723BEEFC40054C956 /* ESDownloadViewController.m */,
				EA78D1C823BEEFC40054C956 /* ESDownloadedViewController.h */,
				EA78D1C923BEEFC40054C956 /* ESDownloadingViewController.h */,
				EA78D1CA23BEEFC40054C956 /* ESPlayM3U8FileViewController.xib */,
			);
			path = DownloadViewController;
			sourceTree = "<group>";
		};
		EA78D1CB23BEEFC40054C956 /* Admin */ = {
			isa = PBXGroup;
			children = (
				EA78D1CC23BEEFC40054C956 /* ESAdminResourceViewController.m */,
				EA78D1CD23BEEFC40054C956 /* ESAdminResourceViewController.h */,
			);
			path = Admin;
			sourceTree = "<group>";
		};
		EA78D1CE23BEEFC40054C956 /* Video */ = {
			isa = PBXGroup;
			children = (
				EA78D1CF23BEEFC40054C956 /* ESVideoViewController.h */,
				EA78D1D023BEEFC40054C956 /* ControlView */,
				EA78D1DB23BEEFC40054C956 /* Rotation */,
				EA78D1E223BEEFC40054C956 /* ESVideoViewController.m */,
			);
			path = Video;
			sourceTree = "<group>";
		};
		EA78D1D023BEEFC40054C956 /* ControlView */ = {
			isa = PBXGroup;
			children = (
				EA78D1D123BEEFC40054C956 /* UIView+Fade.h */,
				EA78D1D223BEEFC40054C956 /* ESVideoPlayerSlider.m */,
				EA78D1D323BEEFC40054C956 /* ESDefaultVideoControlView.h */,
				EA78D1D423BEEFC40054C956 /* ESVideoPlayerControlView.m */,
				EA78D1D523BEEFC40054C956 /* ESPopoverView.m */,
				EA78D1D623BEEFC40054C956 /* UIView+Fade.m */,
				EA78D1D723BEEFC40054C956 /* ESVideoPlayerSlider.h */,
				EA78D1D823BEEFC40054C956 /* ESPopoverView.h */,
				EA78D1D923BEEFC40054C956 /* ESVideoPlayerControlView.h */,
				EA78D1DA23BEEFC40054C956 /* ESDefaultVideoControlView.m */,
			);
			path = ControlView;
			sourceTree = "<group>";
		};
		EA78D1DB23BEEFC40054C956 /* Rotation */ = {
			isa = PBXGroup;
			children = (
				EA78D1DC23BEEFC40054C956 /* ESRotationManager.h */,
				EA78D1DD23BEEFC40054C956 /* UINavigationController+RotationControl.h */,
				EA78D1DE23BEEFC40054C956 /* UIViewController+RotationControl.m */,
				EA78D1DF23BEEFC40054C956 /* UINavigationController+RotationControl.m */,
				EA78D1E023BEEFC40054C956 /* ESRotationManager.m */,
				EA78D1E123BEEFC40054C956 /* UIViewController+RotationControl.h */,
			);
			path = Rotation;
			sourceTree = "<group>";
		};
		EA78D1E423BEEFC50054C956 /* PPT */ = {
			isa = PBXGroup;
			children = (
				EA78D1E523BEEFC50054C956 /* ESPPTViewController.m */,
				EA78D1E623BEEFC50054C956 /* ESPPTViewController.h */,
			);
			path = PPT;
			sourceTree = "<group>";
		};
		EA78D1E723BEEFC50054C956 /* Audio */ = {
			isa = PBXGroup;
			children = (
				EA78D1E823BEEFC50054C956 /* ESAudioPlayerCoverView.h */,
				EA78D1E923BEEFC50054C956 /* ESAudioViewController.m */,
				EA78D1EA23BEEFC50054C956 /* ESAudioPlayerCoverView.xib */,
				EA78D1EB23BEEFC50054C956 /* ESAudioPlayerCoverView.m */,
				EA78D1EC23BEEFC50054C956 /* ESAudioViewController.h */,
			);
			path = Audio;
			sourceTree = "<group>";
		};
		EA78D1ED23BEEFC50054C956 /* UploadViewController */ = {
			isa = PBXGroup;
			children = (
				EA78D1EE23BEEFC50054C956 /* ESUploadTableViewCell.xib */,
				EA78D1EF23BEEFC50054C956 /* ESUploadViewController.m */,
				EA78D1F023BEEFC50054C956 /* ESUploadTableViewSectionHeader.m */,
				EA78D1F123BEEFC50054C956 /* ESUploadTableViewCell.m */,
				EA78D1F223BEEFC50054C956 /* ESUploadTableViewSectionHeader.xib */,
				EA78D1F323BEEFC50054C956 /* ESUploadTableViewSectionHeader.h */,
				EA78D1F423BEEFC50054C956 /* ESUploadViewController.h */,
				EA78D1F523BEEFC50054C956 /* ESUploadTableViewCell.h */,
			);
			path = UploadViewController;
			sourceTree = "<group>";
		};
		EA78D1F623BEEFC50054C956 /* View */ = {
			isa = PBXGroup;
			children = (
				EA78D1F723BEEFC50054C956 /* ESTopTipView.h */,
				EA78D1F823BEEFC50054C956 /* ESTopTipView.xib */,
				EA78D1F923BEEFC50054C956 /* ESTopTipView.m */,
			);
			path = View;
			sourceTree = "<group>";
		};
/* End PBXGroup section */

/* Begin PBXNativeTarget section */
		6003F589195388D20070C39A /* QiqiuyunPlayerSDK_Example */ = {
			isa = PBXNativeTarget;
			buildConfigurationList = 6003F5BF195388D20070C39A /* Build configuration list for PBXNativeTarget "QiqiuyunPlayerSDK_Example" */;
			buildPhases = (
				3F7D8B6C7E2FD49D82FF0149 /* [CP] Check Pods Manifest.lock */,
				6003F586195388D20070C39A /* Sources */,
				6003F587195388D20070C39A /* Frameworks */,
				6003F588195388D20070C39A /* Resources */,
				44568F36184348A08D9CA11A /* [CP] Embed Pods Frameworks */,
			);
			buildRules = (
			);
			dependencies = (
			);
			name = QiqiuyunPlayerSDK_Example;
			productName = QiqiuyunPlayerSDK;
			productReference = 6003F58A195388D20070C39A /* 气球云播放器.app */;
			productType = "com.apple.product-type.application";
		};
		6003F5AD195388D20070C39A /* QiqiuyunPlayerSDK_Tests */ = {
			isa = PBXNativeTarget;
			buildConfigurationList = 6003F5C2195388D20070C39A /* Build configuration list for PBXNativeTarget "QiqiuyunPlayerSDK_Tests" */;
			buildPhases = (
				B748B6A772FF36AC415A1703 /* [CP] Check Pods Manifest.lock */,
				6003F5AA195388D20070C39A /* Sources */,
				6003F5AB195388D20070C39A /* Frameworks */,
				6003F5AC195388D20070C39A /* Resources */,
			);
			buildRules = (
			);
			dependencies = (
				6003F5B4195388D20070C39A /* PBXTargetDependency */,
			);
			name = QiqiuyunPlayerSDK_Tests;
			productName = QiqiuyunPlayerSDKTests;
			productReference = 6003F5AE195388D20070C39A /* QiqiuyunPlayerSDK_Tests.xctest */;
			productType = "com.apple.product-type.bundle.unit-test";
		};
/* End PBXNativeTarget section */

/* Begin PBXProject section */
		6003F582195388D10070C39A /* Project object */ = {
			isa = PBXProject;
			attributes = {
				CLASSPREFIX = QP;
				LastUpgradeCheck = 0720;
				ORGANIZATIONNAME = ayia;
				TargetAttributes = {
					6003F589195388D20070C39A = {
						DevelopmentTeam = ZKQ4HP5426;
					};
					6003F5AD195388D20070C39A = {
						TestTargetID = 6003F589195388D20070C39A;
					};
				};
			};
			buildConfigurationList = 6003F585195388D10070C39A /* Build configuration list for PBXProject "QiqiuyunPlayerSDK" */;
			compatibilityVersion = "Xcode 3.2";
			developmentRegion = English;
			hasScannedForEncodings = 0;
			knownRegions = (
				English,
				en,
				Base,
			);
			mainGroup = 6003F581195388D10070C39A;
			productRefGroup = 6003F58B195388D20070C39A /* Products */;
			projectDirPath = "";
			projectRoot = "";
			targets = (
				6003F589195388D20070C39A /* QiqiuyunPlayerSDK_Example */,
				6003F5AD195388D20070C39A /* QiqiuyunPlayerSDK_Tests */,
			);
		};
/* End PBXProject section */

/* Begin PBXResourcesBuildPhase section */
		6003F588195388D20070C39A /* Resources */ = {
			isa = PBXResourcesBuildPhase;
			buildActionMask = 2147483647;
			files = (
				EA1007EE23BF189700756D53 /* DownloadResource.plist in Resources */,
				873B8AEB1B1F5CCA007FD442 /* Main.storyboard in Resources */,
				71719F9F1E33DC2100824A3D /* LaunchScreen.storyboard in Resources */,
				EA78D22523BEEFC50054C956 /* ESUploadTableViewSectionHeader.xib in Resources */,
				EA78D21223BEEFC50054C956 /* ESPlayM3U8FileViewController.xib in Resources */,
				EA78D21F23BEEFC50054C956 /* ESAudioPlayerCoverView.xib in Resources */,
				6003F5A9195388D20070C39A /* Images.xcassets in Resources */,
				EA78D22123BEEFC50054C956 /* ESUploadTableViewCell.xib in Resources */,
				6003F598195388D20070C39A /* InfoPlist.strings in Resources */,
				EA78D20E23BEEFC50054C956 /* ESDownloadTableViewCell.xib in Resources */,
				EA78D22623BEEFC50054C956 /* ESTopTipView.xib in Resources */,
				EA1007EC23BF187000756D53 /* CloudResource.plist in Resources */,
			);
			runOnlyForDeploymentPostprocessing = 0;
		};
		6003F5AC195388D20070C39A /* Resources */ = {
			isa = PBXResourcesBuildPhase;
			buildActionMask = 2147483647;
			files = (
				6003F5BA195388D20070C39A /* InfoPlist.strings in Resources */,
			);
			runOnlyForDeploymentPostprocessing = 0;
		};
/* End PBXResourcesBuildPhase section */

/* Begin PBXShellScriptBuildPhase section */
		3F7D8B6C7E2FD49D82FF0149 /* [CP] Check Pods Manifest.lock */ = {
			isa = PBXShellScriptBuildPhase;
			buildActionMask = 2147483647;
			files = (
			);
			inputFileListPaths = (
			);
			inputPaths = (
				"${PODS_PODFILE_DIR_PATH}/Podfile.lock",
				"${PODS_ROOT}/Manifest.lock",
			);
			name = "[CP] Check Pods Manifest.lock";
			outputFileListPaths = (
			);
			outputPaths = (
				"$(DERIVED_FILE_DIR)/Pods-QiqiuyunPlayerSDK_Example-checkManifestLockResult.txt",
			);
			runOnlyForDeploymentPostprocessing = 0;
			shellPath = /bin/sh;
			shellScript = "diff \"${PODS_PODFILE_DIR_PATH}/Podfile.lock\" \"${PODS_ROOT}/Manifest.lock\" > /dev/null\nif [ $? != 0 ] ; then\n    # print error to STDERR\n    echo \"error: The sandbox is not in sync with the Podfile.lock. Run 'pod install' or update your CocoaPods installation.\" >&2\n    exit 1\nfi\n# This output is used by Xcode 'outputs' to avoid re-running this script phase.\necho \"SUCCESS\" > \"${SCRIPT_OUTPUT_FILE_0}\"\n";
			showEnvVarsInLog = 0;
		};
		44568F36184348A08D9CA11A /* [CP] Embed Pods Frameworks */ = {
			isa = PBXShellScriptBuildPhase;
			buildActionMask = 2147483647;
			files = (
			);
			inputPaths = (
				"${PODS_ROOT}/Target Support Files/Pods-QiqiuyunPlayerSDK_Example/Pods-QiqiuyunPlayerSDK_Example-frameworks.sh",
				"${BUILT_PRODUCTS_DIR}/AFNetworking/AFNetworking.framework",
				"${BUILT_PRODUCTS_DIR}/Base64/Base64.framework",
				"${BUILT_PRODUCTS_DIR}/DownloadButton/DownloadButton.framework",
				"${BUILT_PRODUCTS_DIR}/GCDWebServer/GCDWebServer.framework",
				"${BUILT_PRODUCTS_DIR}/JGProgressHUD/JGProgressHUD.framework",
				"${BUILT_PRODUCTS_DIR}/JWT/JWT.framework",
				"${BUILT_PRODUCTS_DIR}/MGSwipeTableCell/MGSwipeTableCell.framework",
				"${BUILT_PRODUCTS_DIR}/MJRefresh/MJRefresh.framework",
				"${BUILT_PRODUCTS_DIR}/MMLayout/MMLayout.framework",
				"${BUILT_PRODUCTS_DIR}/Masonry/Masonry.framework",
				"${BUILT_PRODUCTS_DIR}/QMUIKit/QMUIKit.framework",
				"${BUILT_PRODUCTS_DIR}/Qiniu/Qiniu.framework",
				"${BUILT_PRODUCTS_DIR}/SWTableViewCell/SWTableViewCell.framework",
				"${BUILT_PRODUCTS_DIR}/TYPagerController/TYPagerController.framework",
				"${BUILT_PRODUCTS_DIR}/YYKit/YYKit.framework",
			);
			name = "[CP] Embed Pods Frameworks";
			outputPaths = (
				"${TARGET_BUILD_DIR}/${FRAMEWORKS_FOLDER_PATH}/AFNetworking.framework",
				"${TARGET_BUILD_DIR}/${FRAMEWORKS_FOLDER_PATH}/Base64.framework",
				"${TARGET_BUILD_DIR}/${FRAMEWORKS_FOLDER_PATH}/DownloadButton.framework",
				"${TARGET_BUILD_DIR}/${FRAMEWORKS_FOLDER_PATH}/GCDWebServer.framework",
				"${TARGET_BUILD_DIR}/${FRAMEWORKS_FOLDER_PATH}/JGProgressHUD.framework",
				"${TARGET_BUILD_DIR}/${FRAMEWORKS_FOLDER_PATH}/JWT.framework",
				"${TARGET_BUILD_DIR}/${FRAMEWORKS_FOLDER_PATH}/MGSwipeTableCell.framework",
				"${TARGET_BUILD_DIR}/${FRAMEWORKS_FOLDER_PATH}/MJRefresh.framework",
				"${TARGET_BUILD_DIR}/${FRAMEWORKS_FOLDER_PATH}/MMLayout.framework",
				"${TARGET_BUILD_DIR}/${FRAMEWORKS_FOLDER_PATH}/Masonry.framework",
				"${TARGET_BUILD_DIR}/${FRAMEWORKS_FOLDER_PATH}/QMUIKit.framework",
				"${TARGET_BUILD_DIR}/${FRAMEWORKS_FOLDER_PATH}/Qiniu.framework",
				"${TARGET_BUILD_DIR}/${FRAMEWORKS_FOLDER_PATH}/SWTableViewCell.framework",
				"${TARGET_BUILD_DIR}/${FRAMEWORKS_FOLDER_PATH}/TYPagerController.framework",
				"${TARGET_BUILD_DIR}/${FRAMEWORKS_FOLDER_PATH}/YYKit.framework",
			);
			runOnlyForDeploymentPostprocessing = 0;
			shellPath = /bin/sh;
			shellScript = "\"${PODS_ROOT}/Target Support Files/Pods-QiqiuyunPlayerSDK_Example/Pods-QiqiuyunPlayerSDK_Example-frameworks.sh\"\n";
			showEnvVarsInLog = 0;
		};
		B748B6A772FF36AC415A1703 /* [CP] Check Pods Manifest.lock */ = {
			isa = PBXShellScriptBuildPhase;
			buildActionMask = 2147483647;
			files = (
			);
			inputFileListPaths = (
			);
			inputPaths = (
				"${PODS_PODFILE_DIR_PATH}/Podfile.lock",
				"${PODS_ROOT}/Manifest.lock",
			);
			name = "[CP] Check Pods Manifest.lock";
			outputFileListPaths = (
			);
			outputPaths = (
				"$(DERIVED_FILE_DIR)/Pods-QiqiuyunPlayerSDK_Tests-checkManifestLockResult.txt",
			);
			runOnlyForDeploymentPostprocessing = 0;
			shellPath = /bin/sh;
			shellScript = "diff \"${PODS_PODFILE_DIR_PATH}/Podfile.lock\" \"${PODS_ROOT}/Manifest.lock\" > /dev/null\nif [ $? != 0 ] ; then\n    # print error to STDERR\n    echo \"error: The sandbox is not in sync with the Podfile.lock. Run 'pod install' or update your CocoaPods installation.\" >&2\n    exit 1\nfi\n# This output is used by Xcode 'outputs' to avoid re-running this script phase.\necho \"SUCCESS\" > \"${SCRIPT_OUTPUT_FILE_0}\"\n";
			showEnvVarsInLog = 0;
		};
/* End PBXShellScriptBuildPhase section */

/* Begin PBXSourcesBuildPhase section */
		6003F586195388D20070C39A /* Sources */ = {
			isa = PBXSourcesBuildPhase;
			buildActionMask = 2147483647;
			files = (
				EA78D1FB23BEEFC50054C956 /* ESViewController.m in Sources */,
				EA78D20723BEEFC50054C956 /* ESDownloadBaseViewController.m in Sources */,
				EA78D1FF23BEEFC50054C956 /* ESAppDelegate.m in Sources */,
				EA78D20823BEEFC50054C956 /* ESPlayM3U8FileViewController.m in Sources */,
				EA78D22023BEEFC50054C956 /* ESAudioPlayerCoverView.m in Sources */,
				EA78D1FC23BEEFC50054C956 /* ESBasePlayViewController.m in Sources */,
				EA78D20423BEEFC50054C956 /* ESJWTTokenTool.m in Sources */,
				EA78D20F23BEEFC50054C956 /* ESDownloadContainerViewController.m in Sources */,
				EAF0F7C8237D401F00D677C6 /* QPBaseViewController.m in Sources */,
				EA78D20023BEEFC50054C956 /* NSString+extno.m in Sources */,
				EA78D21D23BEEFC50054C956 /* ESPPTViewController.m in Sources */,
				6003F59A195388D20070C39A /* main.m in Sources */,
				EA78D21E23BEEFC50054C956 /* ESAudioViewController.m in Sources */,
				EA78D21923BEEFC50054C956 /* UIViewController+RotationControl.m in Sources */,
				EA78D21A23BEEFC50054C956 /* UINavigationController+RotationControl.m in Sources */,
				EA78D22223BEEFC50054C956 /* ESUploadViewController.m in Sources */,
				EA78D21323BEEFC50054C956 /* ESAdminResourceViewController.m in Sources */,
				EA78D21623BEEFC50054C956 /* ESPopoverView.m in Sources */,
				EA78D1FE23BEEFC50054C956 /* ESBaseTableViewController.m in Sources */,
				EA78D21423BEEFC50054C956 /* ESVideoPlayerSlider.m in Sources */,
				EA78D22723BEEFC50054C956 /* ESTopTipView.m in Sources */,
				EA78D21023BEEFC50054C956 /* ESDownloadTableViewCell.m in Sources */,
				EA78D21B23BEEFC50054C956 /* ESRotationManager.m in Sources */,
				EA78D1FD23BEEFC50054C956 /* ESBaseViewController.m in Sources */,
				EA78D21723BEEFC50054C956 /* UIView+Fade.m in Sources */,
				EA78D20B23BEEFC50054C956 /* ESDownloadedViewController.m in Sources */,
				EA78D20523BEEFC50054C956 /* PKCircleView+Edusoho.m in Sources */,
				EA78D21823BEEFC50054C956 /* ESDefaultVideoControlView.m in Sources */,
				EA78D21523BEEFC50054C956 /* ESVideoPlayerControlView.m in Sources */,
				EA78D20923BEEFC50054C956 /* ESDownloadResourceModel.m in Sources */,
				EA78D21123BEEFC50054C956 /* ESDownloadViewController.m in Sources */,
				EA78D20323BEEFC50054C956 /* ESTempFile.m in Sources */,
				EA78D20C23BEEFC50054C956 /* ESDownloadingViewController.m in Sources */,
				EA78D20123BEEFC50054C956 /* ESUploadSimulator.m in Sources */,
				EA78D21C23BEEFC50054C956 /* ESVideoViewController.m in Sources */,
				EA78D22323BEEFC50054C956 /* ESUploadTableViewSectionHeader.m in Sources */,
				EA78D22423BEEFC50054C956 /* ESUploadTableViewCell.m in Sources */,
				EA78D20623BEEFC50054C956 /* ESDocumetntViewController.m in Sources */,
				EA78D20223BEEFC50054C956 /* UINavigationBar+Edusoho.m in Sources */,
			);
			runOnlyForDeploymentPostprocessing = 0;
		};
		6003F5AA195388D20070C39A /* Sources */ = {
			isa = PBXSourcesBuildPhase;
			buildActionMask = 2147483647;
			files = (
				6003F5BC195388D20070C39A /* Tests.m in Sources */,
			);
			runOnlyForDeploymentPostprocessing = 0;
		};
/* End PBXSourcesBuildPhase section */

/* Begin PBXTargetDependency section */
		6003F5B4195388D20070C39A /* PBXTargetDependency */ = {
			isa = PBXTargetDependency;
			target = 6003F589195388D20070C39A /* QiqiuyunPlayerSDK_Example */;
			targetProxy = 6003F5B3195388D20070C39A /* PBXContainerItemProxy */;
		};
/* End PBXTargetDependency section */

/* Begin PBXVariantGroup section */
		6003F596195388D20070C39A /* InfoPlist.strings */ = {
			isa = PBXVariantGroup;
			children = (
				6003F597195388D20070C39A /* en */,
			);
			name = InfoPlist.strings;
			sourceTree = "<group>";
		};
		6003F5B8195388D20070C39A /* InfoPlist.strings */ = {
			isa = PBXVariantGroup;
			children = (
				6003F5B9195388D20070C39A /* en */,
			);
			name = InfoPlist.strings;
			sourceTree = "<group>";
		};
		71719F9D1E33DC2100824A3D /* LaunchScreen.storyboard */ = {
			isa = PBXVariantGroup;
			children = (
				71719F9E1E33DC2100824A3D /* Base */,
			);
			name = LaunchScreen.storyboard;
			sourceTree = "<group>";
		};
/* End PBXVariantGroup section */

/* Begin XCBuildConfiguration section */
		6003F5BD195388D20070C39A /* Debug */ = {
			isa = XCBuildConfiguration;
			buildSettings = {
				ALWAYS_SEARCH_USER_PATHS = NO;
				CLANG_CXX_LANGUAGE_STANDARD = "gnu++0x";
				CLANG_CXX_LIBRARY = "libc++";
				CLANG_ENABLE_MODULES = YES;
				CLANG_ENABLE_OBJC_ARC = YES;
				CLANG_WARN_BOOL_CONVERSION = YES;
				CLANG_WARN_CONSTANT_CONVERSION = YES;
				CLANG_WARN_DIRECT_OBJC_ISA_USAGE = YES_ERROR;
				CLANG_WARN_EMPTY_BODY = YES;
				CLANG_WARN_ENUM_CONVERSION = YES;
				CLANG_WARN_INT_CONVERSION = YES;
				CLANG_WARN_OBJC_ROOT_CLASS = YES_ERROR;
				CLANG_WARN__DUPLICATE_METHOD_MATCH = YES;
				"CODE_SIGN_IDENTITY[sdk=iphoneos*]" = "iPhone Developer";
				COPY_PHASE_STRIP = NO;
				ENABLE_TESTABILITY = YES;
				GCC_C_LANGUAGE_STANDARD = gnu99;
				GCC_DYNAMIC_NO_PIC = NO;
				GCC_OPTIMIZATION_LEVEL = 0;
				GCC_PREPROCESSOR_DEFINITIONS = (
					"DEBUG=1",
					"$(inherited)",
				);
				GCC_SYMBOLS_PRIVATE_EXTERN = NO;
				GCC_WARN_64_TO_32_BIT_CONVERSION = YES;
				GCC_WARN_ABOUT_RETURN_TYPE = YES_ERROR;
				GCC_WARN_UNDECLARED_SELECTOR = YES;
				GCC_WARN_UNINITIALIZED_AUTOS = YES_AGGRESSIVE;
				GCC_WARN_UNUSED_FUNCTION = YES;
				GCC_WARN_UNUSED_VARIABLE = YES;
				IPHONEOS_DEPLOYMENT_TARGET = 9.3;
				ONLY_ACTIVE_ARCH = YES;
				SDKROOT = iphoneos;
				TARGETED_DEVICE_FAMILY = "1,2";
			};
			name = Debug;
		};
		6003F5BE195388D20070C39A /* Release */ = {
			isa = XCBuildConfiguration;
			buildSettings = {
				ALWAYS_SEARCH_USER_PATHS = NO;
				CLANG_CXX_LANGUAGE_STANDARD = "gnu++0x";
				CLANG_CXX_LIBRARY = "libc++";
				CLANG_ENABLE_MODULES = YES;
				CLANG_ENABLE_OBJC_ARC = YES;
				CLANG_WARN_BOOL_CONVERSION = YES;
				CLANG_WARN_CONSTANT_CONVERSION = YES;
				CLANG_WARN_DIRECT_OBJC_ISA_USAGE = YES_ERROR;
				CLANG_WARN_EMPTY_BODY = YES;
				CLANG_WARN_ENUM_CONVERSION = YES;
				CLANG_WARN_INT_CONVERSION = YES;
				CLANG_WARN_OBJC_ROOT_CLASS = YES_ERROR;
				CLANG_WARN__DUPLICATE_METHOD_MATCH = YES;
				"CODE_SIGN_IDENTITY[sdk=iphoneos*]" = "iPhone Developer";
				COPY_PHASE_STRIP = YES;
				ENABLE_NS_ASSERTIONS = NO;
				GCC_C_LANGUAGE_STANDARD = gnu99;
				GCC_WARN_64_TO_32_BIT_CONVERSION = YES;
				GCC_WARN_ABOUT_RETURN_TYPE = YES_ERROR;
				GCC_WARN_UNDECLARED_SELECTOR = YES;
				GCC_WARN_UNINITIALIZED_AUTOS = YES_AGGRESSIVE;
				GCC_WARN_UNUSED_FUNCTION = YES;
				GCC_WARN_UNUSED_VARIABLE = YES;
				IPHONEOS_DEPLOYMENT_TARGET = 9.3;
				SDKROOT = iphoneos;
				TARGETED_DEVICE_FAMILY = "1,2";
				VALIDATE_PRODUCT = YES;
			};
			name = Release;
		};
		6003F5C0195388D20070C39A /* Debug */ = {
			isa = XCBuildConfiguration;
			baseConfigurationReference = F605790FB8AE13A9B6184801 /* Pods-QiqiuyunPlayerSDK_Example.debug.xcconfig */;
			buildSettings = {
				ASSETCATALOG_COMPILER_APPICON_NAME = AppIcon;
				DEVELOPMENT_TEAM = ZKQ4HP5426;
				GCC_PRECOMPILE_PREFIX_HEADER = YES;
				GCC_PREFIX_HEADER = "QiqiuyunPlayerSDK/QiqiuyunPlayerSDK-Prefix.pch";
				INFOPLIST_FILE = "QiqiuyunPlayerSDK/QiqiuyunPlayerSDK-Info.plist";
				MODULE_NAME = ExampleApp;
				PRODUCT_BUNDLE_IDENTIFIER = com.edusoho.kuozhi;
				PRODUCT_NAME = "气球云播放器";
				SWIFT_VERSION = 4.0;
				WRAPPER_EXTENSION = app;
			};
			name = Debug;
		};
		6003F5C1195388D20070C39A /* Release */ = {
			isa = XCBuildConfiguration;
			baseConfigurationReference = 2EAA8A900D325BB34EB83BB3 /* Pods-QiqiuyunPlayerSDK_Example.release.xcconfig */;
			buildSettings = {
				ASSETCATALOG_COMPILER_APPICON_NAME = AppIcon;
				DEVELOPMENT_TEAM = ZKQ4HP5426;
				GCC_PRECOMPILE_PREFIX_HEADER = YES;
				GCC_PREFIX_HEADER = "QiqiuyunPlayerSDK/QiqiuyunPlayerSDK-Prefix.pch";
				INFOPLIST_FILE = "QiqiuyunPlayerSDK/QiqiuyunPlayerSDK-Info.plist";
				MODULE_NAME = ExampleApp;
				PRODUCT_BUNDLE_IDENTIFIER = com.edusoho.kuozhi;
				PRODUCT_NAME = "气球云播放器";
				SWIFT_VERSION = 4.0;
				WRAPPER_EXTENSION = app;
			};
			name = Release;
		};
		6003F5C3195388D20070C39A /* Debug */ = {
			isa = XCBuildConfiguration;
			baseConfigurationReference = C7231C26BD390FCB985DCB88 /* Pods-QiqiuyunPlayerSDK_Tests.debug.xcconfig */;
			buildSettings = {
				BUNDLE_LOADER = "$(TEST_HOST)";
				FRAMEWORK_SEARCH_PATHS = (
					"$(PLATFORM_DIR)/Developer/Library/Frameworks",
					"$(inherited)",
					"$(DEVELOPER_FRAMEWORKS_DIR)",
				);
				GCC_PRECOMPILE_PREFIX_HEADER = YES;
				GCC_PREFIX_HEADER = "Tests/Tests-Prefix.pch";
				GCC_PREPROCESSOR_DEFINITIONS = (
					"DEBUG=1",
					"$(inherited)",
				);
				INFOPLIST_FILE = "Tests/Tests-Info.plist";
				PRODUCT_BUNDLE_IDENTIFIER = "org.cocoapods.demo.${PRODUCT_NAME:rfc1034identifier}";
				PRODUCT_NAME = "$(TARGET_NAME)";
				SWIFT_VERSION = 4.0;
				TEST_HOST = "$(BUILT_PRODUCTS_DIR)/QiqiuyunPlayerSDK_Example.app/QiqiuyunPlayerSDK_Example";
				WRAPPER_EXTENSION = xctest;
			};
			name = Debug;
		};
		6003F5C4195388D20070C39A /* Release */ = {
			isa = XCBuildConfiguration;
			baseConfigurationReference = C93AF0D40CF6A80DD6177AF8 /* Pods-QiqiuyunPlayerSDK_Tests.release.xcconfig */;
			buildSettings = {
				BUNDLE_LOADER = "$(TEST_HOST)";
				FRAMEWORK_SEARCH_PATHS = (
					"$(PLATFORM_DIR)/Developer/Library/Frameworks",
					"$(inherited)",
					"$(DEVELOPER_FRAMEWORKS_DIR)",
				);
				GCC_PRECOMPILE_PREFIX_HEADER = YES;
				GCC_PREFIX_HEADER = "Tests/Tests-Prefix.pch";
				INFOPLIST_FILE = "Tests/Tests-Info.plist";
				PRODUCT_BUNDLE_IDENTIFIER = "org.cocoapods.demo.${PRODUCT_NAME:rfc1034identifier}";
				PRODUCT_NAME = "$(TARGET_NAME)";
				SWIFT_VERSION = 4.0;
				TEST_HOST = "$(BUILT_PRODUCTS_DIR)/QiqiuyunPlayerSDK_Example.app/QiqiuyunPlayerSDK_Example";
				WRAPPER_EXTENSION = xctest;
			};
			name = Release;
		};
/* End XCBuildConfiguration section */

/* Begin XCConfigurationList section */
		6003F585195388D10070C39A /* Build configuration list for PBXProject "QiqiuyunPlayerSDK" */ = {
			isa = XCConfigurationList;
			buildConfigurations = (
				6003F5BD195388D20070C39A /* Debug */,
				6003F5BE195388D20070C39A /* Release */,
			);
			defaultConfigurationIsVisible = 0;
			defaultConfigurationName = Release;
		};
		6003F5BF195388D20070C39A /* Build configuration list for PBXNativeTarget "QiqiuyunPlayerSDK_Example" */ = {
			isa = XCConfigurationList;
			buildConfigurations = (
				6003F5C0195388D20070C39A /* Debug */,
				6003F5C1195388D20070C39A /* Release */,
			);
			defaultConfigurationIsVisible = 0;
			defaultConfigurationName = Release;
		};
		6003F5C2195388D20070C39A /* Build configuration list for PBXNativeTarget "QiqiuyunPlayerSDK_Tests" */ = {
			isa = XCConfigurationList;
			buildConfigurations = (
				6003F5C3195388D20070C39A /* Debug */,
				6003F5C4195388D20070C39A /* Release */,
			);
			defaultConfigurationIsVisible = 0;
			defaultConfigurationName = Release;
		};
/* End XCConfigurationList section */
	};
	rootObject = 6003F582195388D10070C39A /* Project object */;
}
